// !$*UTF8*$!
{
	archiveVersion = 1;
	classes = {
	};
	objectVersion = 46;
	objects = {

/* Begin PBXBuildFile section */
		881F34621D2C4A83000C8049 /* AppDelegate.swift in Sources */ = {isa = PBXBuildFile; fileRef = 881F34611D2C4A83000C8049 /* AppDelegate.swift */; };
		881F34641D2C4A83000C8049 /* ViewController.swift in Sources */ = {isa = PBXBuildFile; fileRef = 881F34631D2C4A83000C8049 /* ViewController.swift */; };
		881F34671D2C4A83000C8049 /* Main.storyboard in Resources */ = {isa = PBXBuildFile; fileRef = 881F34651D2C4A83000C8049 /* Main.storyboard */; };
		881F34691D2C4A83000C8049 /* Assets.xcassets in Resources */ = {isa = PBXBuildFile; fileRef = 881F34681D2C4A83000C8049 /* Assets.xcassets */; };
		881F346C1D2C4A83000C8049 /* LaunchScreen.storyboard in Resources */ = {isa = PBXBuildFile; fileRef = 881F346A1D2C4A83000C8049 /* LaunchScreen.storyboard */; };
		881F34751D2C4DE8000C8049 /* WelcomeViewController.swift in Sources */ = {isa = PBXBuildFile; fileRef = 881F34741D2C4DE8000C8049 /* WelcomeViewController.swift */; };
		881F34771D2C4E05000C8049 /* SignUpViewController.swift in Sources */ = {isa = PBXBuildFile; fileRef = 881F34761D2C4E05000C8049 /* SignUpViewController.swift */; };
		881F34791D2C4E0F000C8049 /* LoginViewController.swift in Sources */ = {isa = PBXBuildFile; fileRef = 881F34781D2C4E0F000C8049 /* LoginViewController.swift */; };
		881F347B1D2C4E1A000C8049 /* MainViewController.swift in Sources */ = {isa = PBXBuildFile; fileRef = 881F347A1D2C4E1A000C8049 /* MainViewController.swift */; };
		881F347D1D2C4E21000C8049 /* UploadViewController.swift in Sources */ = {isa = PBXBuildFile; fileRef = 881F347C1D2C4E21000C8049 /* UploadViewController.swift */; };
		881F347F1D2C4E2F000C8049 /* SavedViewController.swift in Sources */ = {isa = PBXBuildFile; fileRef = 881F347E1D2C4E2F000C8049 /* SavedViewController.swift */; };
		881F34811D2C4E39000C8049 /* DetailViewController.swift in Sources */ = {isa = PBXBuildFile; fileRef = 881F34801D2C4E39000C8049 /* DetailViewController.swift */; };
		881F34831D2C5457000C8049 /* AccountViewController.swift in Sources */ = {isa = PBXBuildFile; fileRef = 881F34821D2C5457000C8049 /* AccountViewController.swift */; };
		A138D0041B23FB800149B814 /* Pods_FBUApp.framework in Frameworks */ = {isa = PBXBuildFile; fileRef = C5B9C629BF0DD91A19220201 /* Pods_FBUApp.framework */; };
		AF42BD4C1D2D5A6000554512 /* MainView.swift in Sources */ = {isa = PBXBuildFile; fileRef = AF42BD4B1D2D5A6000554512 /* MainView.swift */; };
		EDF427DC1D2D7DAA0075DFC3 /* User.swift in Sources */ = {isa = PBXBuildFile; fileRef = EDF427DB1D2D7DAA0075DFC3 /* User.swift */; };
		EDF427DE1D2D85090075DFC3 /* Card.swift in Sources */ = {isa = PBXBuildFile; fileRef = EDF427DD1D2D85090075DFC3 /* Card.swift */; };
/* End PBXBuildFile section */

/* Begin PBXFileReference section */
		32A882C24336C6426FEE2728 /* Pods-FBUApp.release.xcconfig */ = {isa = PBXFileReference; includeInIndex = 1; lastKnownFileType = text.xcconfig; name = "Pods-FBUApp.release.xcconfig"; path = "Pods/Target Support Files/Pods-FBUApp/Pods-FBUApp.release.xcconfig"; sourceTree = "<group>"; };
		4E638B8D62E4A24A12EB70C2 /* Pods-FBUApp.debug.xcconfig */ = {isa = PBXFileReference; includeInIndex = 1; lastKnownFileType = text.xcconfig; name = "Pods-FBUApp.debug.xcconfig"; path = "Pods/Target Support Files/Pods-FBUApp/Pods-FBUApp.debug.xcconfig"; sourceTree = "<group>"; };
		881F345E1D2C4A83000C8049 /* FBUApp.app */ = {isa = PBXFileReference; explicitFileType = wrapper.application; includeInIndex = 0; path = FBUApp.app; sourceTree = BUILT_PRODUCTS_DIR; };
		881F34611D2C4A83000C8049 /* AppDelegate.swift */ = {isa = PBXFileReference; lastKnownFileType = sourcecode.swift; path = AppDelegate.swift; sourceTree = "<group>"; };
		881F34631D2C4A83000C8049 /* ViewController.swift */ = {isa = PBXFileReference; lastKnownFileType = sourcecode.swift; path = ViewController.swift; sourceTree = "<group>"; };
		881F34661D2C4A83000C8049 /* Base */ = {isa = PBXFileReference; lastKnownFileType = file.storyboard; name = Base; path = Base.lproj/Main.storyboard; sourceTree = "<group>"; };
		881F34681D2C4A83000C8049 /* Assets.xcassets */ = {isa = PBXFileReference; lastKnownFileType = folder.assetcatalog; path = Assets.xcassets; sourceTree = "<group>"; };
		881F346B1D2C4A83000C8049 /* Base */ = {isa = PBXFileReference; lastKnownFileType = file.storyboard; name = Base; path = Base.lproj/LaunchScreen.storyboard; sourceTree = "<group>"; };
		881F346D1D2C4A83000C8049 /* Info.plist */ = {isa = PBXFileReference; lastKnownFileType = text.plist.xml; path = Info.plist; sourceTree = "<group>"; };
		881F34741D2C4DE8000C8049 /* WelcomeViewController.swift */ = {isa = PBXFileReference; fileEncoding = 4; lastKnownFileType = sourcecode.swift; path = WelcomeViewController.swift; sourceTree = "<group>"; };
		881F34761D2C4E05000C8049 /* SignUpViewController.swift */ = {isa = PBXFileReference; fileEncoding = 4; lastKnownFileType = sourcecode.swift; path = SignUpViewController.swift; sourceTree = "<group>"; };
		881F34781D2C4E0F000C8049 /* LoginViewController.swift */ = {isa = PBXFileReference; fileEncoding = 4; lastKnownFileType = sourcecode.swift; path = LoginViewController.swift; sourceTree = "<group>"; };
		881F347A1D2C4E1A000C8049 /* MainViewController.swift */ = {isa = PBXFileReference; fileEncoding = 4; lastKnownFileType = sourcecode.swift; path = MainViewController.swift; sourceTree = "<group>"; };
		881F347C1D2C4E21000C8049 /* UploadViewController.swift */ = {isa = PBXFileReference; fileEncoding = 4; lastKnownFileType = sourcecode.swift; path = UploadViewController.swift; sourceTree = "<group>"; };
		881F347E1D2C4E2F000C8049 /* SavedViewController.swift */ = {isa = PBXFileReference; fileEncoding = 4; lastKnownFileType = sourcecode.swift; path = SavedViewController.swift; sourceTree = "<group>"; };
		881F34801D2C4E39000C8049 /* DetailViewController.swift */ = {isa = PBXFileReference; fileEncoding = 4; lastKnownFileType = sourcecode.swift; path = DetailViewController.swift; sourceTree = "<group>"; };
		881F34821D2C5457000C8049 /* AccountViewController.swift */ = {isa = PBXFileReference; fileEncoding = 4; lastKnownFileType = sourcecode.swift; path = AccountViewController.swift; sourceTree = "<group>"; };
		AF42BD4B1D2D5A6000554512 /* MainView.swift */ = {isa = PBXFileReference; fileEncoding = 4; lastKnownFileType = sourcecode.swift; path = MainView.swift; sourceTree = "<group>"; };
		C5B9C629BF0DD91A19220201 /* Pods_FBUApp.framework */ = {isa = PBXFileReference; explicitFileType = wrapper.framework; includeInIndex = 0; path = Pods_FBUApp.framework; sourceTree = BUILT_PRODUCTS_DIR; };
		EDF427DB1D2D7DAA0075DFC3 /* User.swift */ = {isa = PBXFileReference; fileEncoding = 4; lastKnownFileType = sourcecode.swift; path = User.swift; sourceTree = "<group>"; };
		EDF427DD1D2D85090075DFC3 /* Card.swift */ = {isa = PBXFileReference; fileEncoding = 4; lastKnownFileType = sourcecode.swift; path = Card.swift; sourceTree = "<group>"; };
/* End PBXFileReference section */

/* Begin PBXFrameworksBuildPhase section */
		881F345B1D2C4A83000C8049 /* Frameworks */ = {
			isa = PBXFrameworksBuildPhase;
			buildActionMask = 2147483647;
			files = (
				A138D0041B23FB800149B814 /* Pods_FBUApp.framework in Frameworks */,
			);
			runOnlyForDeploymentPostprocessing = 0;
		};
/* End PBXFrameworksBuildPhase section */

/* Begin PBXGroup section */
		881F34551D2C4A83000C8049 = {
			isa = PBXGroup;
			children = (
				881F34601D2C4A83000C8049 /* FBUApp */,
				881F345F1D2C4A83000C8049 /* Products */,
				C2B9DD1F950BC86B69B16731 /* Pods */,
				9A8609B27A393217EB743638 /* Frameworks */,
			);
			sourceTree = "<group>";
		};
		881F345F1D2C4A83000C8049 /* Products */ = {
			isa = PBXGroup;
			children = (
				881F345E1D2C4A83000C8049 /* FBUApp.app */,
			);
			name = Products;
			sourceTree = "<group>";
		};
		881F34601D2C4A83000C8049 /* FBUApp */ = {
			isa = PBXGroup;
			children = (
				EDF427DF1D2DA8990075DFC3 /* API */,
				EDF427DA1D2D7D750075DFC3 /* Model */,
				881F34731D2C4DC6000C8049 /* View Controllers */,
				881F34611D2C4A83000C8049 /* AppDelegate.swift */,
				881F34631D2C4A83000C8049 /* ViewController.swift */,
				881F34651D2C4A83000C8049 /* Main.storyboard */,
				881F34681D2C4A83000C8049 /* Assets.xcassets */,
				881F346A1D2C4A83000C8049 /* LaunchScreen.storyboard */,
				881F346D1D2C4A83000C8049 /* Info.plist */,
				AF42BD4B1D2D5A6000554512 /* MainView.swift */,
			);
			path = FBUApp;
			sourceTree = "<group>";
		};
		881F34731D2C4DC6000C8049 /* View Controllers */ = {
			isa = PBXGroup;
			children = (
				881F34741D2C4DE8000C8049 /* WelcomeViewController.swift */,
				881F34761D2C4E05000C8049 /* SignUpViewController.swift */,
				881F34781D2C4E0F000C8049 /* LoginViewController.swift */,
				881F347A1D2C4E1A000C8049 /* MainViewController.swift */,
				881F347C1D2C4E21000C8049 /* UploadViewController.swift */,
				881F347E1D2C4E2F000C8049 /* SavedViewController.swift */,
				881F34801D2C4E39000C8049 /* DetailViewController.swift */,
				881F34821D2C5457000C8049 /* AccountViewController.swift */,
			);
			name = "View Controllers";
			sourceTree = "<group>";
		};
		9A8609B27A393217EB743638 /* Frameworks */ = {
			isa = PBXGroup;
			children = (
				C5B9C629BF0DD91A19220201 /* Pods_FBUApp.framework */,
			);
			name = Frameworks;
			sourceTree = "<group>";
		};
		C2B9DD1F950BC86B69B16731 /* Pods */ = {
			isa = PBXGroup;
			children = (
				4E638B8D62E4A24A12EB70C2 /* Pods-FBUApp.debug.xcconfig */,
				32A882C24336C6426FEE2728 /* Pods-FBUApp.release.xcconfig */,
			);
			name = Pods;
			sourceTree = "<group>";
		};
		EDF427DA1D2D7D750075DFC3 /* Model */ = {
			isa = PBXGroup;
			children = (
				EDF427DB1D2D7DAA0075DFC3 /* User.swift */,
				EDF427DD1D2D85090075DFC3 /* Card.swift */,
			);
			name = Model;
			sourceTree = "<group>";
		};
		EDF427DF1D2DA8990075DFC3 /* API */ = {
			isa = PBXGroup;
			children = (
			);
			name = API;
			sourceTree = "<group>";
		};
/* End PBXGroup section */

/* Begin PBXNativeTarget section */
		881F345D1D2C4A83000C8049 /* FBUApp */ = {
			isa = PBXNativeTarget;
			buildConfigurationList = 881F34701D2C4A83000C8049 /* Build configuration list for PBXNativeTarget "FBUApp" */;
			buildPhases = (
				8F6A2AE8F7A684D1AF675551 /* [CP] Check Pods Manifest.lock */,
				881F345A1D2C4A83000C8049 /* Sources */,
				881F345B1D2C4A83000C8049 /* Frameworks */,
				881F345C1D2C4A83000C8049 /* Resources */,
				CC67793E386CE1BAC0BF75DC /* [CP] Embed Pods Frameworks */,
				D23F8D61B1D5EC47AB3E8839 /* [CP] Copy Pods Resources */,
			);
			buildRules = (
			);
			dependencies = (
			);
			name = FBUApp;
			productName = FBUApp;
			productReference = 881F345E1D2C4A83000C8049 /* FBUApp.app */;
			productType = "com.apple.product-type.application";
		};
/* End PBXNativeTarget section */

/* Begin PBXProject section */
		881F34561D2C4A83000C8049 /* Project object */ = {
			isa = PBXProject;
			attributes = {
				LastSwiftUpdateCheck = 0730;
				LastUpgradeCheck = 0730;
				ORGANIZATIONNAME = "Kelly Lampotang";
				TargetAttributes = {
					881F345D1D2C4A83000C8049 = {
						CreatedOnToolsVersion = 7.3.1;
						DevelopmentTeam = LQWCHDPX8E;
					};
				};
			};
			buildConfigurationList = 881F34591D2C4A83000C8049 /* Build configuration list for PBXProject "FBUApp" */;
			compatibilityVersion = "Xcode 3.2";
			developmentRegion = English;
			hasScannedForEncodings = 0;
			knownRegions = (
				en,
				Base,
			);
			mainGroup = 881F34551D2C4A83000C8049;
			productRefGroup = 881F345F1D2C4A83000C8049 /* Products */;
			projectDirPath = "";
			projectRoot = "";
			targets = (
				881F345D1D2C4A83000C8049 /* FBUApp */,
			);
		};
/* End PBXProject section */

/* Begin PBXResourcesBuildPhase section */
		881F345C1D2C4A83000C8049 /* Resources */ = {
			isa = PBXResourcesBuildPhase;
			buildActionMask = 2147483647;
			files = (
				881F346C1D2C4A83000C8049 /* LaunchScreen.storyboard in Resources */,
				881F34691D2C4A83000C8049 /* Assets.xcassets in Resources */,
				881F34671D2C4A83000C8049 /* Main.storyboard in Resources */,
			);
			runOnlyForDeploymentPostprocessing = 0;
		};
/* End PBXResourcesBuildPhase section */

/* Begin PBXShellScriptBuildPhase section */
		8F6A2AE8F7A684D1AF675551 /* [CP] Check Pods Manifest.lock */ = {
			isa = PBXShellScriptBuildPhase;
			buildActionMask = 2147483647;
			files = (
			);
			inputPaths = (
			);
			name = "[CP] Check Pods Manifest.lock";
			outputPaths = (
			);
			runOnlyForDeploymentPostprocessing = 0;
			shellPath = /bin/sh;
			shellScript = "diff \"${PODS_ROOT}/../Podfile.lock\" \"${PODS_ROOT}/Manifest.lock\" > /dev/null\nif [[ $? != 0 ]] ; then\n    cat << EOM\nerror: The sandbox is not in sync with the Podfile.lock. Run 'pod install' or update your CocoaPods installation.\nEOM\n    exit 1\nfi\n";
			showEnvVarsInLog = 0;
		};
		CC67793E386CE1BAC0BF75DC /* [CP] Embed Pods Frameworks */ = {
			isa = PBXShellScriptBuildPhase;
			buildActionMask = 2147483647;
			files = (
			);
			inputPaths = (
			);
			name = "[CP] Embed Pods Frameworks";
			outputPaths = (
			);
			runOnlyForDeploymentPostprocessing = 0;
			shellPath = /bin/sh;
			shellScript = "\"${SRCROOT}/Pods/Target Support Files/Pods-FBUApp/Pods-FBUApp-frameworks.sh\"\n";
			showEnvVarsInLog = 0;
		};
		D23F8D61B1D5EC47AB3E8839 /* [CP] Copy Pods Resources */ = {
			isa = PBXShellScriptBuildPhase;
			buildActionMask = 2147483647;
			files = (
			);
			inputPaths = (
			);
			name = "[CP] Copy Pods Resources";
			outputPaths = (
			);
			runOnlyForDeploymentPostprocessing = 0;
			shellPath = /bin/sh;
			shellScript = "\"${SRCROOT}/Pods/Target Support Files/Pods-FBUApp/Pods-FBUApp-resources.sh\"\n";
			showEnvVarsInLog = 0;
		};
/* End PBXShellScriptBuildPhase section */

/* Begin PBXSourcesBuildPhase section */
		881F345A1D2C4A83000C8049 /* Sources */ = {
			isa = PBXSourcesBuildPhase;
			buildActionMask = 2147483647;
			files = (
				881F34811D2C4E39000C8049 /* DetailViewController.swift in Sources */,
				881F34751D2C4DE8000C8049 /* WelcomeViewController.swift in Sources */,
				881F347D1D2C4E21000C8049 /* UploadViewController.swift in Sources */,
				881F34641D2C4A83000C8049 /* ViewController.swift in Sources */,
				EDF427DE1D2D85090075DFC3 /* Card.swift in Sources */,
				881F34771D2C4E05000C8049 /* SignUpViewController.swift in Sources */,
				881F347B1D2C4E1A000C8049 /* MainViewController.swift in Sources */,
				881F34831D2C5457000C8049 /* AccountViewController.swift in Sources */,
				AF42BD4C1D2D5A6000554512 /* MainView.swift in Sources */,
				EDF427DC1D2D7DAA0075DFC3 /* User.swift in Sources */,
				881F34791D2C4E0F000C8049 /* LoginViewController.swift in Sources */,
				881F347F1D2C4E2F000C8049 /* SavedViewController.swift in Sources */,
				881F34621D2C4A83000C8049 /* AppDelegate.swift in Sources */,
			);
			runOnlyForDeploymentPostprocessing = 0;
		};
/* End PBXSourcesBuildPhase section */

/* Begin PBXVariantGroup section */
		881F34651D2C4A83000C8049 /* Main.storyboard */ = {
			isa = PBXVariantGroup;
			children = (
				881F34661D2C4A83000C8049 /* Base */,
			);
			name = Main.storyboard;
			sourceTree = "<group>";
		};
		881F346A1D2C4A83000C8049 /* LaunchScreen.storyboard */ = {
			isa = PBXVariantGroup;
			children = (
				881F346B1D2C4A83000C8049 /* Base */,
			);
			name = LaunchScreen.storyboard;
			sourceTree = "<group>";
		};
/* End PBXVariantGroup section */

/* Begin XCBuildConfiguration section */
		881F346E1D2C4A83000C8049 /* Debug */ = {
			isa = XCBuildConfiguration;
			buildSettings = {
				ALWAYS_SEARCH_USER_PATHS = NO;
				CLANG_ANALYZER_NONNULL = YES;
				CLANG_CXX_LANGUAGE_STANDARD = "gnu++0x";
				CLANG_CXX_LIBRARY = "libc++";
				CLANG_ENABLE_MODULES = YES;
				CLANG_ENABLE_OBJC_ARC = YES;
				CLANG_WARN_BOOL_CONVERSION = YES;
				CLANG_WARN_CONSTANT_CONVERSION = YES;
				CLANG_WARN_DIRECT_OBJC_ISA_USAGE = YES_ERROR;
				CLANG_WARN_EMPTY_BODY = YES;
				CLANG_WARN_ENUM_CONVERSION = YES;
				CLANG_WARN_INT_CONVERSION = YES;
				CLANG_WARN_OBJC_ROOT_CLASS = YES_ERROR;
				CLANG_WARN_UNREACHABLE_CODE = YES;
				CLANG_WARN__DUPLICATE_METHOD_MATCH = YES;
				"CODE_SIGN_IDENTITY[sdk=iphoneos*]" = "iPhone Developer";
				COPY_PHASE_STRIP = NO;
				DEBUG_INFORMATION_FORMAT = dwarf;
				ENABLE_STRICT_OBJC_MSGSEND = YES;
				ENABLE_TESTABILITY = YES;
				GCC_C_LANGUAGE_STANDARD = gnu99;
				GCC_DYNAMIC_NO_PIC = NO;
				GCC_NO_COMMON_BLOCKS = YES;
				GCC_OPTIMIZATION_LEVEL = 0;
				GCC_PREPROCESSOR_DEFINITIONS = (
					"DEBUG=1",
					"$(inherited)",
				);
				GCC_WARN_64_TO_32_BIT_CONVERSION = YES;
				GCC_WARN_ABOUT_RETURN_TYPE = YES_ERROR;
				GCC_WARN_UNDECLARED_SELECTOR = YES;
				GCC_WARN_UNINITIALIZED_AUTOS = YES_AGGRESSIVE;
				GCC_WARN_UNUSED_FUNCTION = YES;
				GCC_WARN_UNUSED_VARIABLE = YES;
				IPHONEOS_DEPLOYMENT_TARGET = 9.3;
				MTL_ENABLE_DEBUG_INFO = YES;
				ONLY_ACTIVE_ARCH = YES;
				SDKROOT = iphoneos;
				SWIFT_OPTIMIZATION_LEVEL = "-Onone";
			};
			name = Debug;
		};
		881F346F1D2C4A83000C8049 /* Release */ = {
			isa = XCBuildConfiguration;
			buildSettings = {
				ALWAYS_SEARCH_USER_PATHS = NO;
				CLANG_ANALYZER_NONNULL = YES;
				CLANG_CXX_LANGUAGE_STANDARD = "gnu++0x";
				CLANG_CXX_LIBRARY = "libc++";
				CLANG_ENABLE_MODULES = YES;
				CLANG_ENABLE_OBJC_ARC = YES;
				CLANG_WARN_BOOL_CONVERSION = YES;
				CLANG_WARN_CONSTANT_CONVERSION = YES;
				CLANG_WARN_DIRECT_OBJC_ISA_USAGE = YES_ERROR;
				CLANG_WARN_EMPTY_BODY = YES;
				CLANG_WARN_ENUM_CONVERSION = YES;
				CLANG_WARN_INT_CONVERSION = YES;
				CLANG_WARN_OBJC_ROOT_CLASS = YES_ERROR;
				CLANG_WARN_UNREACHABLE_CODE = YES;
				CLANG_WARN__DUPLICATE_METHOD_MATCH = YES;
				"CODE_SIGN_IDENTITY[sdk=iphoneos*]" = "iPhone Developer";
				COPY_PHASE_STRIP = NO;
				DEBUG_INFORMATION_FORMAT = "dwarf-with-dsym";
				ENABLE_NS_ASSERTIONS = NO;
				ENABLE_STRICT_OBJC_MSGSEND = YES;
				GCC_C_LANGUAGE_STANDARD = gnu99;
				GCC_NO_COMMON_BLOCKS = YES;
				GCC_WARN_64_TO_32_BIT_CONVERSION = YES;
				GCC_WARN_ABOUT_RETURN_TYPE = YES_ERROR;
				GCC_WARN_UNDECLARED_SELECTOR = YES;
				GCC_WARN_UNINITIALIZED_AUTOS = YES_AGGRESSIVE;
				GCC_WARN_UNUSED_FUNCTION = YES;
				GCC_WARN_UNUSED_VARIABLE = YES;
				IPHONEOS_DEPLOYMENT_TARGET = 9.3;
				MTL_ENABLE_DEBUG_INFO = NO;
				SDKROOT = iphoneos;
				VALIDATE_PRODUCT = YES;
			};
			name = Release;
		};
		881F34711D2C4A83000C8049 /* Debug */ = {
			isa = XCBuildConfiguration;
			baseConfigurationReference = 4E638B8D62E4A24A12EB70C2 /* Pods-FBUApp.debug.xcconfig */;
			buildSettings = {
				ASSETCATALOG_COMPILER_APPICON_NAME = AppIcon;
				CODE_SIGN_IDENTITY = "iPhone Developer";
				"CODE_SIGN_IDENTITY[sdk=iphoneos*]" = "iPhone Developer";
				INFOPLIST_FILE = FBUApp/Info.plist;
				LD_RUNPATH_SEARCH_PATHS = "$(inherited) @executable_path/Frameworks";
				PRODUCT_BUNDLE_IDENTIFIER = com.klampotang.FBUApp;
				PRODUCT_NAME = "$(TARGET_NAME)";
				PROVISIONING_PROFILE = "";
			};
			name = Debug;
		};
		881F34721D2C4A83000C8049 /* Release */ = {
			isa = XCBuildConfiguration;
			baseConfigurationReference = 32A882C24336C6426FEE2728 /* Pods-FBUApp.release.xcconfig */;
			buildSettings = {
				ASSETCATALOG_COMPILER_APPICON_NAME = AppIcon;
				CODE_SIGN_IDENTITY = "iPhone Developer";
				"CODE_SIGN_IDENTITY[sdk=iphoneos*]" = "iPhone Developer";
				INFOPLIST_FILE = FBUApp/Info.plist;
				LD_RUNPATH_SEARCH_PATHS = "$(inherited) @executable_path/Frameworks";
				PRODUCT_BUNDLE_IDENTIFIER = com.klampotang.FBUApp;
				PRODUCT_NAME = "$(TARGET_NAME)";
				PROVISIONING_PROFILE = "";
			};
			name = Release;
		};
/* End XCBuildConfiguration section */

/* Begin XCConfigurationList section */
		881F34591D2C4A83000C8049 /* Build configuration list for PBXProject "FBUApp" */ = {
			isa = XCConfigurationList;
			buildConfigurations = (
				881F346E1D2C4A83000C8049 /* Debug */,
				881F346F1D2C4A83000C8049 /* Release */,
			);
			defaultConfigurationIsVisible = 0;
			defaultConfigurationName = Release;
		};
		881F34701D2C4A83000C8049 /* Build configuration list for PBXNativeTarget "FBUApp" */ = {
			isa = XCConfigurationList;
			buildConfigurations = (
				881F34711D2C4A83000C8049 /* Debug */,
				881F34721D2C4A83000C8049 /* Release */,
			);
			defaultConfigurationIsVisible = 0;
			defaultConfigurationName = Release;
		};
/* End XCConfigurationList section */
	};
	rootObject = 881F34561D2C4A83000C8049 /* Project object */;
}
